
Microsoft Visual Studio Solution File, Format Version 12.00
Project("{FAE04EC0-301F-11D3-BF4B-00C04F79EFBC}") = "TurnipBoyCommitsTaxEvasion", "TurnipBoyCommitsTaxEvasion\TurnipBoyCommitsTaxEvasion.csproj", "{D207AEC8-995A-4721-8C5E-5C6E2C6F0083}"
EndProject
Global
	GlobalSection(SolutionConfigurationPlatforms) = preSolution
		Debug|Any CPU = Debug|Any CPU
		Release|Any CPU = Release|Any CPU
	EndGlobalSection
	GlobalSection(ProjectConfigurationPlatforms) = postSolution
		{D207AEC8-995A-4721-8C5E-5C6E2C6F0083}.Debug|Any CPU.ActiveCfg = Debug|Any CPU
		{D207AEC8-995A-4721-8C5E-5C6E2C6F0083}.Debug|Any CPU.Build.0 = Debug|Any CPU
		{D207AEC8-995A-4721-8C5E-5C6E2C6F0083}.Release|Any CPU.ActiveCfg = Release|Any CPU
		{D207AEC8-995A-4721-8C5E-5C6E2C6F0083}.Release|Any CPU.Build.0 = Release|Any CPU
	EndGlobalSection
EndGlobal
