
Microsoft Visual Studio Solution File, Format Version 12.00
# Visual Studio Version 17
VisualStudioVersion = 17.2.32427.441
MinimumVisualStudioVersion = 10.0.40219.1
Project("{9A19103F-16F7-4668-BE54-9A1E7A4F7556}") = "Ultrawide", "Ultrawide\Ultrawide.csproj", "{5B03E46B-C5ED-4DB2-AE6E-43B21B640204}"
EndProject
Project("{9A19103F-16F7-4668-BE54-9A1E7A4F7556}") = "GoGoGo", "GoGoGo\GoGoGo.csproj", "{537E4E48-C4E0-42A1-AFDD-DD684DC24F07}"
EndProject
Project("{9A19103F-16F7-4668-BE54-9A1E7A4F7556}") = "QuickStart", "QuickStart\QuickStart.csproj", "{4DF576DA-87CE-417D-97E1-340E5BA6ED1F}"
EndProject
Project("{2150E333-8FDC-42A3-9474-1A3956D46DE8}") = "libs", "libs", "{740962F3-397E-4A28-B896-025A8EFD4DCE}"
EndProject
Global
	GlobalSection(SolutionConfigurationPlatforms) = preSolution
		Debug|Any CPU = Debug|Any CPU
		Release|Any CPU = Release|Any CPU
	EndGlobalSection
	GlobalSection(ProjectConfigurationPlatforms) = postSolution
		{5B03E46B-C5ED-4DB2-AE6E-43B21B640204}.Debug|Any CPU.ActiveCfg = Debug|Any CPU
		{5B03E46B-C5ED-4DB2-AE6E-43B21B640204}.Debug|Any CPU.Build.0 = Debug|Any CPU
		{5B03E46B-C5ED-4DB2-AE6E-43B21B640204}.Release|Any CPU.ActiveCfg = Release|Any CPU
		{5B03E46B-C5ED-4DB2-AE6E-43B21B640204}.Release|Any CPU.Build.0 = Release|Any CPU
		{537E4E48-C4E0-42A1-AFDD-DD684DC24F07}.Debug|Any CPU.ActiveCfg = Debug|Any CPU
		{537E4E48-C4E0-42A1-AFDD-DD684DC24F07}.Debug|Any CPU.Build.0 = Debug|Any CPU
		{537E4E48-C4E0-42A1-AFDD-DD684DC24F07}.Release|Any CPU.ActiveCfg = Release|Any CPU
		{537E4E48-C4E0-42A1-AFDD-DD684DC24F07}.Release|Any CPU.Build.0 = Release|Any CPU
		{4DF576DA-87CE-417D-97E1-340E5BA6ED1F}.Debug|Any CPU.ActiveCfg = Debug|Any CPU
		{4DF576DA-87CE-417D-97E1-340E5BA6ED1F}.Debug|Any CPU.Build.0 = Debug|Any CPU
		{4DF576DA-87CE-417D-97E1-340E5BA6ED1F}.Release|Any CPU.ActiveCfg = Release|Any CPU
		{4DF576DA-87CE-417D-97E1-340E5BA6ED1F}.Release|Any CPU.Build.0 = Release|Any CPU
	EndGlobalSection
	GlobalSection(SolutionProperties) = preSolution
		HideSolutionNode = FALSE
	EndGlobalSection
	GlobalSection(ExtensibilityGlobals) = postSolution
		SolutionGuid = {D9EF7923-8E76-4303-BB0C-B2BADEDDF729}
	EndGlobalSection
EndGlobal
