
Microsoft Visual Studio Solution File, Format Version 12.00
Project("{FAE04EC0-301F-11D3-BF4B-00C04F79EFBC}") = "CameraJutterFix", "CameraJutterFix\CameraJutterFix.csproj", "{341CDDAD-B448-44B8-8ED5-2964F597AC34}"
EndProject
Global
	GlobalSection(SolutionConfigurationPlatforms) = preSolution
		Debug|Any CPU = Debug|Any CPU
		Release|Any CPU = Release|Any CPU
	EndGlobalSection
	GlobalSection(ProjectConfigurationPlatforms) = postSolution
		{341CDDAD-B448-44B8-8ED5-2964F597AC34}.Debug|Any CPU.ActiveCfg = Debug|Any CPU
		{341CDDAD-B448-44B8-8ED5-2964F597AC34}.Debug|Any CPU.Build.0 = Debug|Any CPU
		{341CDDAD-B448-44B8-8ED5-2964F597AC34}.Release|Any CPU.ActiveCfg = Release|Any CPU
		{341CDDAD-B448-44B8-8ED5-2964F597AC34}.Release|Any CPU.Build.0 = Release|Any CPU
	EndGlobalSection
EndGlobal
