
Microsoft Visual Studio Solution File, Format Version 12.00
Project("{FAE04EC0-301F-11D3-BF4B-00C04F79EFBC}") = "DisplayTweaks", "DisplayTweaks\DisplayTweaks.csproj", "{DF40AD40-3756-4519-8C9B-35CA82130687}"
EndProject
Global
	GlobalSection(SolutionConfigurationPlatforms) = preSolution
		Debug|Any CPU = Debug|Any CPU
		Release|Any CPU = Release|Any CPU
		WIN|Any CPU = WIN|Any CPU
		OTHER|Any CPU = OTHER|Any CPU
	EndGlobalSection
	GlobalSection(ProjectConfigurationPlatforms) = postSolution
		{DF40AD40-3756-4519-8C9B-35CA82130687}.Debug|Any CPU.ActiveCfg = Debug|Any CPU
		{DF40AD40-3756-4519-8C9B-35CA82130687}.Debug|Any CPU.Build.0 = Debug|Any CPU
		{DF40AD40-3756-4519-8C9B-35CA82130687}.Release|Any CPU.ActiveCfg = Release|Any CPU
		{DF40AD40-3756-4519-8C9B-35CA82130687}.Release|Any CPU.Build.0 = Release|Any CPU
		{DF40AD40-3756-4519-8C9B-35CA82130687}.WIN|Any CPU.ActiveCfg = WIN|Any CPU
		{DF40AD40-3756-4519-8C9B-35CA82130687}.WIN|Any CPU.Build.0 = WIN|Any CPU
		{DF40AD40-3756-4519-8C9B-35CA82130687}.OTHER|Any CPU.ActiveCfg = OTHER|Any CPU
		{DF40AD40-3756-4519-8C9B-35CA82130687}.OTHER|Any CPU.Build.0 = OTHER|Any CPU
	EndGlobalSection
EndGlobal
