
Microsoft Visual Studio Solution File, Format Version 12.00
Project("{FAE04EC0-301F-11D3-BF4B-00C04F79EFBC}") = "VampireSurvivors", "VampireSurvivors\VampireSurvivors.csproj", "{205A2829-66D2-4FE0-9D6B-0396BD57DE2E}"
EndProject
Global
	GlobalSection(SolutionConfigurationPlatforms) = preSolution
		Debug|Any CPU = Debug|Any CPU
		Release|Any CPU = Release|Any CPU
	EndGlobalSection
	GlobalSection(ProjectConfigurationPlatforms) = postSolution
		{205A2829-66D2-4FE0-9D6B-0396BD57DE2E}.Debug|Any CPU.ActiveCfg = Debug|Any CPU
		{205A2829-66D2-4FE0-9D6B-0396BD57DE2E}.Debug|Any CPU.Build.0 = Debug|Any CPU
		{205A2829-66D2-4FE0-9D6B-0396BD57DE2E}.Release|Any CPU.ActiveCfg = Release|Any CPU
		{205A2829-66D2-4FE0-9D6B-0396BD57DE2E}.Release|Any CPU.Build.0 = Release|Any CPU
	EndGlobalSection
EndGlobal
